
Microsoft Visual Studio Solution File, Format Version 12.00
# Visual Studio Version 16
VisualStudioVersion = 16.0.29411.108
MinimumVisualStudioVersion = 10.0.40219.1
Project("{FAE04EC0-301F-11D3-BF4B-00C04F79EFBC}") = "XamarinFormsGallery.Android", "XamarinFormsGallery\XamarinFormsGallery.Android\XamarinFormsGallery.Android.csproj", "{ECA33AF6-61D5-4FA6-9799-BE77E35E25F6}"
EndProject
Project("{FAE04EC0-301F-11D3-BF4B-00C04F79EFBC}") = "XamarinFormsGallery.iOS", "XamarinFormsGallery\XamarinFormsGallery.iOS\XamarinFormsGallery.iOS.csproj", "{AD2AE504-9683-40D7-BCAF-6220BDEB70E1}"
EndProject
Project("{FAE04EC0-301F-11D3-BF4B-00C04F79EFBC}") = "XamarinFormsGallery", "XamarinFormsGallery\XamarinFormsGallery\XamarinFormsGallery.csproj", "{57CBB6A9-EE45-4367-B65D-5685EF713E3C}"
EndProject
Global
	GlobalSection(SolutionConfigurationPlatforms) = preSolution
		Debug|Any CPU = Debug|Any CPU
		Debug|iPhone = Debug|iPhone
		Debug|iPhoneSimulator = Debug|iPhoneSimulator
		Release|Any CPU = Release|Any CPU
		Release|iPhone = Release|iPhone
		Release|iPhoneSimulator = Release|iPhoneSimulator
	EndGlobalSection
	GlobalSection(ProjectConfigurationPlatforms) = postSolution
		{ECA33AF6-61D5-4FA6-9799-BE77E35E25F6}.Debug|Any CPU.ActiveCfg = Debug|Any CPU
		{ECA33AF6-61D5-4FA6-9799-BE77E35E25F6}.Debug|Any CPU.Build.0 = Debug|Any CPU
		{ECA33AF6-61D5-4FA6-9799-BE77E35E25F6}.Debug|Any CPU.Deploy.0 = Debug|Any CPU
		{ECA33AF6-61D5-4FA6-9799-BE77E35E25F6}.Debug|iPhone.ActiveCfg = Debug|Any CPU
		{ECA33AF6-61D5-4FA6-9799-BE77E35E25F6}.Debug|iPhone.Build.0 = Debug|Any CPU
		{ECA33AF6-61D5-4FA6-9799-BE77E35E25F6}.Debug|iPhone.Deploy.0 = Debug|Any CPU
		{ECA33AF6-61D5-4FA6-9799-BE77E35E25F6}.Debug|iPhoneSimulator.ActiveCfg = Debug|Any CPU
		{ECA33AF6-61D5-4FA6-9799-BE77E35E25F6}.Debug|iPhoneSimulator.Build.0 = Debug|Any CPU
		{ECA33AF6-61D5-4FA6-9799-BE77E35E25F6}.Debug|iPhoneSimulator.Deploy.0 = Debug|Any CPU
		{ECA33AF6-61D5-4FA6-9799-BE77E35E25F6}.Release|Any CPU.ActiveCfg = Release|Any CPU
		{ECA33AF6-61D5-4FA6-9799-BE77E35E25F6}.Release|Any CPU.Build.0 = Release|Any CPU
		{ECA33AF6-61D5-4FA6-9799-BE77E35E25F6}.Release|Any CPU.Deploy.0 = Release|Any CPU
		{ECA33AF6-61D5-4FA6-9799-BE77E35E25F6}.Release|iPhone.ActiveCfg = Release|Any CPU
		{ECA33AF6-61D5-4FA6-9799-BE77E35E25F6}.Release|iPhone.Build.0 = Release|Any CPU
		{ECA33AF6-61D5-4FA6-9799-BE77E35E25F6}.Release|iPhone.Deploy.0 = Release|Any CPU
		{ECA33AF6-61D5-4FA6-9799-BE77E35E25F6}.Release|iPhoneSimulator.ActiveCfg = Release|Any CPU
		{ECA33AF6-61D5-4FA6-9799-BE77E35E25F6}.Release|iPhoneSimulator.Build.0 = Release|Any CPU
		{ECA33AF6-61D5-4FA6-9799-BE77E35E25F6}.Release|iPhoneSimulator.Deploy.0 = Release|Any CPU
		{AD2AE504-9683-40D7-BCAF-6220BDEB70E1}.Debug|Any CPU.ActiveCfg = Debug|iPhoneSimulator
		{AD2AE504-9683-40D7-BCAF-6220BDEB70E1}.Debug|Any CPU.Build.0 = Debug|iPhoneSimulator
		{AD2AE504-9683-40D7-BCAF-6220BDEB70E1}.Debug|Any CPU.Deploy.0 = Debug|iPhoneSimulator
		{AD2AE504-9683-40D7-BCAF-6220BDEB70E1}.Debug|iPhone.ActiveCfg = Debug|iPhone
		{AD2AE504-9683-40D7-BCAF-6220BDEB70E1}.Debug|iPhone.Build.0 = Debug|iPhone
		{AD2AE504-9683-40D7-BCAF-6220BDEB70E1}.Debug|iPhone.Deploy.0 = Debug|iPhone
		{AD2AE504-9683-40D7-BCAF-6220BDEB70E1}.Debug|iPhoneSimulator.ActiveCfg = Debug|iPhoneSimulator
		{AD2AE504-9683-40D7-BCAF-6220BDEB70E1}.Debug|iPhoneSimulator.Build.0 = Debug|iPhoneSimulator
		{AD2AE504-9683-40D7-BCAF-6220BDEB70E1}.Debug|iPhoneSimulator.Deploy.0 = Debug|iPhoneSimulator
		{AD2AE504-9683-40D7-BCAF-6220BDEB70E1}.Release|Any CPU.ActiveCfg = Release|iPhone
		{AD2AE504-9683-40D7-BCAF-6220BDEB70E1}.Release|Any CPU.Build.0 = Release|iPhone
		{AD2AE504-9683-40D7-BCAF-6220BDEB70E1}.Release|Any CPU.Deploy.0 = Release|iPhone
		{AD2AE504-9683-40D7-BCAF-6220BDEB70E1}.Release|iPhone.ActiveCfg = Release|iPhone
		{AD2AE504-9683-40D7-BCAF-6220BDEB70E1}.Release|iPhone.Build.0 = Release|iPhone
		{AD2AE504-9683-40D7-BCAF-6220BDEB70E1}.Release|iPhone.Deploy.0 = Release|iPhone
		{AD2AE504-9683-40D7-BCAF-6220BDEB70E1}.Release|iPhoneSimulator.ActiveCfg = Release|iPhoneSimulator
		{AD2AE504-9683-40D7-BCAF-6220BDEB70E1}.Release|iPhoneSimulator.Build.0 = Release|iPhoneSimulator
		{AD2AE504-9683-40D7-BCAF-6220BDEB70E1}.Release|iPhoneSimulator.Deploy.0 = Release|iPhoneSimulator
		{57CBB6A9-EE45-4367-B65D-5685EF713E3C}.Debug|Any CPU.ActiveCfg = Debug|Any CPU
		{57CBB6A9-EE45-4367-B65D-5685EF713E3C}.Debug|Any CPU.Build.0 = Debug|Any CPU
		{57CBB6A9-EE45-4367-B65D-5685EF713E3C}.Debug|Any CPU.Deploy.0 = Debug|Any CPU
		{57CBB6A9-EE45-4367-B65D-5685EF713E3C}.Debug|iPhone.ActiveCfg = Debug|Any CPU
		{57CBB6A9-EE45-4367-B65D-5685EF713E3C}.Debug|iPhone.Build.0 = Debug|Any CPU
		{57CBB6A9-EE45-4367-B65D-5685EF713E3C}.Debug|iPhone.Deploy.0 = Debug|Any CPU
		{57CBB6A9-EE45-4367-B65D-5685EF713E3C}.Debug|iPhoneSimulator.ActiveCfg = Debug|Any CPU
		{57CBB6A9-EE45-4367-B65D-5685EF713E3C}.Debug|iPhoneSimulator.Build.0 = Debug|Any CPU
		{57CBB6A9-EE45-4367-B65D-5685EF713E3C}.Debug|iPhoneSimulator.Deploy.0 = Debug|Any CPU
		{57CBB6A9-EE45-4367-B65D-5685EF713E3C}.Release|Any CPU.ActiveCfg = Release|Any CPU
		{57CBB6A9-EE45-4367-B65D-5685EF713E3C}.Release|Any CPU.Build.0 = Release|Any CPU
		{57CBB6A9-EE45-4367-B65D-5685EF713E3C}.Release|Any CPU.Deploy.0 = Release|Any CPU
		{57CBB6A9-EE45-4367-B65D-5685EF713E3C}.Release|iPhone.ActiveCfg = Release|Any CPU
		{57CBB6A9-EE45-4367-B65D-5685EF713E3C}.Release|iPhone.Build.0 = Release|Any CPU
		{57CBB6A9-EE45-4367-B65D-5685EF713E3C}.Release|iPhone.Deploy.0 = Release|Any CPU
		{57CBB6A9-EE45-4367-B65D-5685EF713E3C}.Release|iPhoneSimulator.ActiveCfg = Release|Any CPU
		{57CBB6A9-EE45-4367-B65D-5685EF713E3C}.Release|iPhoneSimulator.Build.0 = Release|Any CPU
		{57CBB6A9-EE45-4367-B65D-5685EF713E3C}.Release|iPhoneSimulator.Deploy.0 = Release|Any CPU
	EndGlobalSection
	GlobalSection(SolutionProperties) = preSolution
		HideSolutionNode = FALSE
	EndGlobalSection
	GlobalSection(ExtensibilityGlobals) = postSolution
		SolutionGuid = {565362E5-E12B-4B0D-B994-0ACF21678723}
	EndGlobalSection
EndGlobal
